
Microsoft Visual Studio Solution File, Format Version 12.00
# Visual Studio Version 17
VisualStudioVersion = 17.10.35122.118
MinimumVisualStudioVersion = 10.0.40219.1
Project("{2150E333-8FDC-42A3-9474-1A3956D46DE8}") = "Solution Items", "Solution Items", "{DD26B11B-FC43-4D53-A55F-4C0DB0931123}"
	ProjectSection(SolutionItems) = preProject
		.editorconfig = .editorconfig
		README.md = README.md
	EndProjectSection
EndProject
Project("{2150E333-8FDC-42A3-9474-1A3956D46DE8}") = "src", "src", "{17C2C8BE-B563-45EB-8E63-B80C05CB1353}"
EndProject
Project("{9A19103F-16F7-4668-BE54-9A1E7A4F7556}") = "Wizards.Api", "src\Wizards.Api\Wizards.Api.csproj", "{E309AD32-6622-4FE6-B967-99C41577C379}"
EndProject
Global
	GlobalSection(SolutionConfigurationPlatforms) = preSolution
		Debug|Any CPU = Debug|Any CPU
		Release|Any CPU = Release|Any CPU
	EndGlobalSection
	GlobalSection(ProjectConfigurationPlatforms) = postSolution
		{E309AD32-6622-4FE6-B967-99C41577C379}.Debug|Any CPU.ActiveCfg = Debug|Any CPU
		{E309AD32-6622-4FE6-B967-99C41577C379}.Debug|Any CPU.Build.0 = Debug|Any CPU
		{E309AD32-6622-4FE6-B967-99C41577C379}.Release|Any CPU.ActiveCfg = Release|Any CPU
		{E309AD32-6622-4FE6-B967-99C41577C379}.Release|Any CPU.Build.0 = Release|Any CPU
	EndGlobalSection
	GlobalSection(SolutionProperties) = preSolution
		HideSolutionNode = FALSE
	EndGlobalSection
	GlobalSection(NestedProjects) = preSolution
		{E309AD32-6622-4FE6-B967-99C41577C379} = {17C2C8BE-B563-45EB-8E63-B80C05CB1353}
	EndGlobalSection
	GlobalSection(ExtensibilityGlobals) = postSolution
		SolutionGuid = {370393A6-2180-4451-84DF-41806877B32D}
	EndGlobalSection
EndGlobal
