
Microsoft Visual Studio Solution File, Format Version 12.00
# Visual Studio Version 17
VisualStudioVersion = 17.8.34525.116
MinimumVisualStudioVersion = 10.0.40219.1
Project("{FAE04EC0-301F-11D3-BF4B-00C04F79EFBC}") = "React.ExternalAPI.Server", "React.ExternalAPI.Server\React.ExternalAPI.Server.csproj", "{794ADA0D-56EE-4A1B-91EA-16A9C5E3FAE6}"
EndProject
Project("{54A90642-561A-4BB1-A94E-469ADEE60C69}") = "react.externalapi.client", "react.externalapi.client\react.externalapi.client.esproj", "{5BA43EFA-DF4A-4134-A0E3-FEAED170E074}"
EndProject
Global
	GlobalSection(SolutionConfigurationPlatforms) = preSolution
		Debug|Any CPU = Debug|Any CPU
		Release|Any CPU = Release|Any CPU
	EndGlobalSection
	GlobalSection(ProjectConfigurationPlatforms) = postSolution
		{794ADA0D-56EE-4A1B-91EA-16A9C5E3FAE6}.Debug|Any CPU.ActiveCfg = Debug|Any CPU
		{794ADA0D-56EE-4A1B-91EA-16A9C5E3FAE6}.Debug|Any CPU.Build.0 = Debug|Any CPU
		{794ADA0D-56EE-4A1B-91EA-16A9C5E3FAE6}.Release|Any CPU.ActiveCfg = Release|Any CPU
		{794ADA0D-56EE-4A1B-91EA-16A9C5E3FAE6}.Release|Any CPU.Build.0 = Release|Any CPU
		{5BA43EFA-DF4A-4134-A0E3-FEAED170E074}.Debug|Any CPU.ActiveCfg = Debug|Any CPU
		{5BA43EFA-DF4A-4134-A0E3-FEAED170E074}.Debug|Any CPU.Build.0 = Debug|Any CPU
		{5BA43EFA-DF4A-4134-A0E3-FEAED170E074}.Debug|Any CPU.Deploy.0 = Debug|Any CPU
		{5BA43EFA-DF4A-4134-A0E3-FEAED170E074}.Release|Any CPU.ActiveCfg = Release|Any CPU
		{5BA43EFA-DF4A-4134-A0E3-FEAED170E074}.Release|Any CPU.Build.0 = Release|Any CPU
		{5BA43EFA-DF4A-4134-A0E3-FEAED170E074}.Release|Any CPU.Deploy.0 = Release|Any CPU
	EndGlobalSection
	GlobalSection(SolutionProperties) = preSolution
		HideSolutionNode = FALSE
	EndGlobalSection
	GlobalSection(ExtensibilityGlobals) = postSolution
		SolutionGuid = {67A6B387-4047-474F-8FE4-B678CB644BC0}
	EndGlobalSection
EndGlobal
