
Microsoft Visual Studio Solution File, Format Version 12.00
# Visual Studio Version 17
VisualStudioVersion = 17.10.35013.160
MinimumVisualStudioVersion = 10.0.40219.1
Project("{FAE04EC0-301F-11D3-BF4B-00C04F79EFBC}") = "ReactApp1.Server", "ReactApp1.Server\ReactApp1.Server.csproj", "{ED933BEF-375D-4694-8E6D-AD39C980AC76}"
EndProject
Project("{54A90642-561A-4BB1-A94E-469ADEE60C69}") = "reactapp1.client", "reactapp1.client\reactapp1.client.esproj", "{20D798CB-B5C7-4209-97B8-BDE5F3E3B15E}"
EndProject
Global
	GlobalSection(SolutionConfigurationPlatforms) = preSolution
		Debug|Any CPU = Debug|Any CPU
		Release|Any CPU = Release|Any CPU
	EndGlobalSection
	GlobalSection(ProjectConfigurationPlatforms) = postSolution
		{ED933BEF-375D-4694-8E6D-AD39C980AC76}.Debug|Any CPU.ActiveCfg = Debug|Any CPU
		{ED933BEF-375D-4694-8E6D-AD39C980AC76}.Debug|Any CPU.Build.0 = Debug|Any CPU
		{ED933BEF-375D-4694-8E6D-AD39C980AC76}.Release|Any CPU.ActiveCfg = Release|Any CPU
		{ED933BEF-375D-4694-8E6D-AD39C980AC76}.Release|Any CPU.Build.0 = Release|Any CPU
		{20D798CB-B5C7-4209-97B8-BDE5F3E3B15E}.Debug|Any CPU.ActiveCfg = Debug|Any CPU
		{20D798CB-B5C7-4209-97B8-BDE5F3E3B15E}.Debug|Any CPU.Build.0 = Debug|Any CPU
		{20D798CB-B5C7-4209-97B8-BDE5F3E3B15E}.Debug|Any CPU.Deploy.0 = Debug|Any CPU
		{20D798CB-B5C7-4209-97B8-BDE5F3E3B15E}.Release|Any CPU.ActiveCfg = Release|Any CPU
		{20D798CB-B5C7-4209-97B8-BDE5F3E3B15E}.Release|Any CPU.Build.0 = Release|Any CPU
		{20D798CB-B5C7-4209-97B8-BDE5F3E3B15E}.Release|Any CPU.Deploy.0 = Release|Any CPU
	EndGlobalSection
	GlobalSection(SolutionProperties) = preSolution
		HideSolutionNode = FALSE
	EndGlobalSection
	GlobalSection(ExtensibilityGlobals) = postSolution
		SolutionGuid = {8ADCBDE9-7A35-40EE-9825-BEDEBA82FA41}
	EndGlobalSection
EndGlobal
